// !$*UTF8*$!
{
	archiveVersion = 1;
	classes = {
	};
	objectVersion = 56;
	objects = {

/* Begin PBXBuildFile section */
		5D936CBC2ABCD0BC00F616CA /* XkcdApp.swift in Sources */ = {isa = PBXBuildFile; fileRef = 5D936CBB2ABCD0BC00F616CA /* XkcdApp.swift */; };
		5D936CBE2ABCD0BC00F616CA /* ContentView.swift in Sources */ = {isa = PBXBuildFile; fileRef = 5D936CBD2ABCD0BC00F616CA /* ContentView.swift */; };
		5D936CC02ABCD0BD00F616CA /* Assets.xcassets in Resources */ = {isa = PBXBuildFile; fileRef = 5D936CBF2ABCD0BD00F616CA /* Assets.xcassets */; };
		5D936CC42ABCD0BD00F616CA /* Preview Assets.xcassets in Resources */ = {isa = PBXBuildFile; fileRef = 5D936CC32ABCD0BD00F616CA /* Preview Assets.xcassets */; };
		5D936CCE2ABCD0BE00F616CA /* XkcdTests.swift in Sources */ = {isa = PBXBuildFile; fileRef = 5D936CCD2ABCD0BE00F616CA /* XkcdTests.swift */; };
		5D936CD82ABCD0BE00F616CA /* XkcdUITests.swift in Sources */ = {isa = PBXBuildFile; fileRef = 5D936CD72ABCD0BE00F616CA /* XkcdUITests.swift */; };
		5D936CDA2ABCD0BE00F616CA /* XkcdUITestsLaunchTests.swift in Sources */ = {isa = PBXBuildFile; fileRef = 5D936CD92ABCD0BE00F616CA /* XkcdUITestsLaunchTests.swift */; };
/* End PBXBuildFile section */

/* Begin PBXContainerItemProxy section */
		5D936CCA2ABCD0BE00F616CA /* PBXContainerItemProxy */ = {
			isa = PBXContainerItemProxy;
			containerPortal = 5D936CB02ABCD0BC00F616CA /* Project object */;
			proxyType = 1;
			remoteGlobalIDString = 5D936CB72ABCD0BC00F616CA;
			remoteInfo = Xkcd;
		};
		5D936CD42ABCD0BE00F616CA /* PBXContainerItemProxy */ = {
			isa = PBXContainerItemProxy;
			containerPortal = 5D936CB02ABCD0BC00F616CA /* Project object */;
			proxyType = 1;
			remoteGlobalIDString = 5D936CB72ABCD0BC00F616CA;
			remoteInfo = Xkcd;
		};
/* End PBXContainerItemProxy section */

/* Begin PBXFileReference section */
		5D936CB82ABCD0BC00F616CA /* Xkcd.app */ = {isa = PBXFileReference; explicitFileType = wrapper.application; includeInIndex = 0; path = Xkcd.app; sourceTree = BUILT_PRODUCTS_DIR; };
		5D936CBB2ABCD0BC00F616CA /* XkcdApp.swift */ = {isa = PBXFileReference; lastKnownFileType = sourcecode.swift; path = XkcdApp.swift; sourceTree = "<group>"; };
		5D936CBD2ABCD0BC00F616CA /* ContentView.swift */ = {isa = PBXFileReference; lastKnownFileType = sourcecode.swift; path = ContentView.swift; sourceTree = "<group>"; };
		5D936CBF2ABCD0BD00F616CA /* Assets.xcassets */ = {isa = PBXFileReference; lastKnownFileType = folder.assetcatalog; path = Assets.xcassets; sourceTree = "<group>"; };
		5D936CC12ABCD0BD00F616CA /* Xkcd.entitlements */ = {isa = PBXFileReference; lastKnownFileType = text.plist.entitlements; path = Xkcd.entitlements; sourceTree = "<group>"; };
		5D936CC32ABCD0BD00F616CA /* Preview Assets.xcassets */ = {isa = PBXFileReference; lastKnownFileType = folder.assetcatalog; path = "Preview Assets.xcassets"; sourceTree = "<group>"; };
		5D936CC92ABCD0BE00F616CA /* XkcdTests.xctest */ = {isa = PBXFileReference; explicitFileType = wrapper.cfbundle; includeInIndex = 0; path = XkcdTests.xctest; sourceTree = BUILT_PRODUCTS_DIR; };
		5D936CCD2ABCD0BE00F616CA /* XkcdTests.swift */ = {isa = PBXFileReference; lastKnownFileType = sourcecode.swift; path = XkcdTests.swift; sourceTree = "<group>"; };
		5D936CD32ABCD0BE00F616CA /* XkcdUITests.xctest */ = {isa = PBXFileReference; explicitFileType = wrapper.cfbundle; includeInIndex = 0; path = XkcdUITests.xctest; sourceTree = BUILT_PRODUCTS_DIR; };
		5D936CD72ABCD0BE00F616CA /* XkcdUITests.swift */ = {isa = PBXFileReference; lastKnownFileType = sourcecode.swift; path = XkcdUITests.swift; sourceTree = "<group>"; };
		5D936CD92ABCD0BE00F616CA /* XkcdUITestsLaunchTests.swift */ = {isa = PBXFileReference; lastKnownFileType = sourcecode.swift; path = XkcdUITestsLaunchTests.swift; sourceTree = "<group>"; };
/* End PBXFileReference section */

/* Begin PBXFrameworksBuildPhase section */
		5D936CB52ABCD0BC00F616CA /* Frameworks */ = {
			isa = PBXFrameworksBuildPhase;
			buildActionMask = 2147483647;
			files = (
			);
			runOnlyForDeploymentPostprocessing = 0;
		};
		5D936CC62ABCD0BE00F616CA /* Frameworks */ = {
			isa = PBXFrameworksBuildPhase;
			buildActionMask = 2147483647;
			files = (
			);
			runOnlyForDeploymentPostprocessing = 0;
		};
		5D936CD02ABCD0BE00F616CA /* Frameworks */ = {
			isa = PBXFrameworksBuildPhase;
			buildActionMask = 2147483647;
			files = (
			);
			runOnlyForDeploymentPostprocessing = 0;
		};
/* End PBXFrameworksBuildPhase section */

/* Begin PBXGroup section */
		5D936CAF2ABCD0BC00F616CA = {
			isa = PBXGroup;
			children = (
				5D936CBA2ABCD0BC00F616CA /* Xkcd */,
				5D936CCC2ABCD0BE00F616CA /* XkcdTests */,
				5D936CD62ABCD0BE00F616CA /* XkcdUITests */,
				5D936CB92ABCD0BC00F616CA /* Products */,
			);
			sourceTree = "<group>";
		};
		5D936CB92ABCD0BC00F616CA /* Products */ = {
			isa = PBXGroup;
			children = (
				5D936CB82ABCD0BC00F616CA /* Xkcd.app */,
				5D936CC92ABCD0BE00F616CA /* XkcdTests.xctest */,
				5D936CD32ABCD0BE00F616CA /* XkcdUITests.xctest */,
			);
			name = Products;
			sourceTree = "<group>";
		};
		5D936CBA2ABCD0BC00F616CA /* Xkcd */ = {
			isa = PBXGroup;
			children = (
				5D936CBB2ABCD0BC00F616CA /* XkcdApp.swift */,
				5D936CBD2ABCD0BC00F616CA /* ContentView.swift */,
				5D936CBF2ABCD0BD00F616CA /* Assets.xcassets */,
				5D936CC12ABCD0BD00F616CA /* Xkcd.entitlements */,
				5D936CC22ABCD0BD00F616CA /* Preview Content */,
			);
			path = Xkcd;
			sourceTree = "<group>";
		};
		5D936CC22ABCD0BD00F616CA /* Preview Content */ = {
			isa = PBXGroup;
			children = (
				5D936CC32ABCD0BD00F616CA /* Preview Assets.xcassets */,
			);
			path = "Preview Content";
			sourceTree = "<group>";
		};
		5D936CCC2ABCD0BE00F616CA /* XkcdTests */ = {
			isa = PBXGroup;
			children = (
				5D936CCD2ABCD0BE00F616CA /* XkcdTests.swift */,
			);
			path = XkcdTests;
			sourceTree = "<group>";
		};
		5D936CD62ABCD0BE00F616CA /* XkcdUITests */ = {
			isa = PBXGroup;
			children = (
				5D936CD72ABCD0BE00F616CA /* XkcdUITests.swift */,
				5D936CD92ABCD0BE00F616CA /* XkcdUITestsLaunchTests.swift */,
			);
			path = XkcdUITests;
			sourceTree = "<group>";
		};
/* End PBXGroup section */

/* Begin PBXNativeTarget section */
		5D936CB72ABCD0BC00F616CA /* Xkcd */ = {
			isa = PBXNativeTarget;
			buildConfigurationList = 5D936CDD2ABCD0BE00F616CA /* Build configuration list for PBXNativeTarget "Xkcd" */;
			buildPhases = (
				5D936CB42ABCD0BC00F616CA /* Sources */,
				5D936CB52ABCD0BC00F616CA /* Frameworks */,
				5D936CB62ABCD0BC00F616CA /* Resources */,
			);
			buildRules = (
			);
			dependencies = (
			);
			name = Xkcd;
			productName = Xkcd;
			productReference = 5D936CB82ABCD0BC00F616CA /* Xkcd.app */;
			productType = "com.apple.product-type.application";
		};
		5D936CC82ABCD0BE00F616CA /* XkcdTests */ = {
			isa = PBXNativeTarget;
			buildConfigurationList = 5D936CE02ABCD0BE00F616CA /* Build configuration list for PBXNativeTarget "XkcdTests" */;
			buildPhases = (
				5D936CC52ABCD0BE00F616CA /* Sources */,
				5D936CC62ABCD0BE00F616CA /* Frameworks */,
				5D936CC72ABCD0BE00F616CA /* Resources */,
			);
			buildRules = (
			);
			dependencies = (
				5D936CCB2ABCD0BE00F616CA /* PBXTargetDependency */,
			);
			name = XkcdTests;
			productName = XkcdTests;
			productReference = 5D936CC92ABCD0BE00F616CA /* XkcdTests.xctest */;
			productType = "com.apple.product-type.bundle.unit-test";
		};
		5D936CD22ABCD0BE00F616CA /* XkcdUITests */ = {
			isa = PBXNativeTarget;
			buildConfigurationList = 5D936CE32ABCD0BE00F616CA /* Build configuration list for PBXNativeTarget "XkcdUITests" */;
			buildPhases = (
				5D936CCF2ABCD0BE00F616CA /* Sources */,
				5D936CD02ABCD0BE00F616CA /* Frameworks */,
				5D936CD12ABCD0BE00F616CA /* Resources */,
			);
			buildRules = (
			);
			dependencies = (
				5D936CD52ABCD0BE00F616CA /* PBXTargetDependency */,
			);
			name = XkcdUITests;
			productName = XkcdUITests;
			productReference = 5D936CD32ABCD0BE00F616CA /* XkcdUITests.xctest */;
			productType = "com.apple.product-type.bundle.ui-testing";
		};
/* End PBXNativeTarget section */

/* Begin PBXProject section */
		5D936CB02ABCD0BC00F616CA /* Project object */ = {
			isa = PBXProject;
			attributes = {
				BuildIndependentTargetsInParallel = 1;
				LastSwiftUpdateCheck = 1500;
				LastUpgradeCheck = 1500;
				TargetAttributes = {
					5D936CB72ABCD0BC00F616CA = {
						CreatedOnToolsVersion = 15.0;
					};
					5D936CC82ABCD0BE00F616CA = {
						CreatedOnToolsVersion = 15.0;
						TestTargetID = 5D936CB72ABCD0BC00F616CA;
					};
					5D936CD22ABCD0BE00F616CA = {
						CreatedOnToolsVersion = 15.0;
						TestTargetID = 5D936CB72ABCD0BC00F616CA;
					};
				};
			};
			buildConfigurationList = 5D936CB32ABCD0BC00F616CA /* Build configuration list for PBXProject "Xkcd" */;
			compatibilityVersion = "Xcode 14.0";
			developmentRegion = en;
			hasScannedForEncodings = 0;
			knownRegions = (
				en,
				Base,
			);
			mainGroup = 5D936CAF2ABCD0BC00F616CA;
			productRefGroup = 5D936CB92ABCD0BC00F616CA /* Products */;
			projectDirPath = "";
			projectRoot = "";
			targets = (
				5D936CB72ABCD0BC00F616CA /* Xkcd */,
				5D936CC82ABCD0BE00F616CA /* XkcdTests */,
				5D936CD22ABCD0BE00F616CA /* XkcdUITests */,
			);
		};
/* End PBXProject section */

/* Begin PBXResourcesBuildPhase section */
		5D936CB62ABCD0BC00F616CA /* Resources */ = {
			isa = PBXResourcesBuildPhase;
			buildActionMask = 2147483647;
			files = (
				5D936CC42ABCD0BD00F616CA /* Preview Assets.xcassets in Resources */,
				5D936CC02ABCD0BD00F616CA /* Assets.xcassets in Resources */,
			);
			runOnlyForDeploymentPostprocessing = 0;
		};
		5D936CC72ABCD0BE00F616CA /* Resources */ = {
			isa = PBXResourcesBuildPhase;
			buildActionMask = 2147483647;
			files = (
			);
			runOnlyForDeploymentPostprocessing = 0;
		};
		5D936CD12ABCD0BE00F616CA /* Resources */ = {
			isa = PBXResourcesBuildPhase;
			buildActionMask = 2147483647;
			files = (
			);
			runOnlyForDeploymentPostprocessing = 0;
		};
/* End PBXResourcesBuildPhase section */

/* Begin PBXSourcesBuildPhase section */
		5D936CB42ABCD0BC00F616CA /* Sources */ = {
			isa = PBXSourcesBuildPhase;
			buildActionMask = 2147483647;
			files = (
				5D936CBE2ABCD0BC00F616CA /* ContentView.swift in Sources */,
				5D936CBC2ABCD0BC00F616CA /* XkcdApp.swift in Sources */,
			);
			runOnlyForDeploymentPostprocessing = 0;
		};
		5D936CC52ABCD0BE00F616CA /* Sources */ = {
			isa = PBXSourcesBuildPhase;
			buildActionMask = 2147483647;
			files = (
				5D936CCE2ABCD0BE00F616CA /* XkcdTests.swift in Sources */,
			);
			runOnlyForDeploymentPostprocessing = 0;
		};
		5D936CCF2ABCD0BE00F616CA /* Sources */ = {
			isa = PBXSourcesBuildPhase;
			buildActionMask = 2147483647;
			files = (
				5D936CDA2ABCD0BE00F616CA /* XkcdUITestsLaunchTests.swift in Sources */,
				5D936CD82ABCD0BE00F616CA /* XkcdUITests.swift in Sources */,
			);
			runOnlyForDeploymentPostprocessing = 0;
		};
/* End PBXSourcesBuildPhase section */

/* Begin PBXTargetDependency section */
		5D936CCB2ABCD0BE00F616CA /* PBXTargetDependency */ = {
			isa = PBXTargetDependency;
			target = 5D936CB72ABCD0BC00F616CA /* Xkcd */;
			targetProxy = 5D936CCA2ABCD0BE00F616CA /* PBXContainerItemProxy */;
		};
		5D936CD52ABCD0BE00F616CA /* PBXTargetDependency */ = {
			isa = PBXTargetDependency;
			target = 5D936CB72ABCD0BC00F616CA /* Xkcd */;
			targetProxy = 5D936CD42ABCD0BE00F616CA /* PBXContainerItemProxy */;
		};
/* End PBXTargetDependency section */

/* Begin XCBuildConfiguration section */
		5D936CDB2ABCD0BE00F616CA /* Debug */ = {
			isa = XCBuildConfiguration;
			buildSettings = {
				ALWAYS_SEARCH_USER_PATHS = NO;
				ASSETCATALOG_COMPILER_GENERATE_SWIFT_ASSET_SYMBOL_EXTENSIONS = YES;
				CLANG_ANALYZER_NONNULL = YES;
				CLANG_ANALYZER_NUMBER_OBJECT_CONVERSION = YES_AGGRESSIVE;
				CLANG_CXX_LANGUAGE_STANDARD = "gnu++20";
				CLANG_ENABLE_MODULES = YES;
				CLANG_ENABLE_OBJC_ARC = YES;
				CLANG_ENABLE_OBJC_WEAK = YES;
				CLANG_WARN_BLOCK_CAPTURE_AUTORELEASING = YES;
				CLANG_WARN_BOOL_CONVERSION = YES;
				CLANG_WARN_COMMA = YES;
				CLANG_WARN_CONSTANT_CONVERSION = YES;
				CLANG_WARN_DEPRECATED_OBJC_IMPLEMENTATIONS = YES;
				CLANG_WARN_DIRECT_OBJC_ISA_USAGE = YES_ERROR;
				CLANG_WARN_DOCUMENTATION_COMMENTS = YES;
				CLANG_WARN_EMPTY_BODY = YES;
				CLANG_WARN_ENUM_CONVERSION = YES;
				CLANG_WARN_INFINITE_RECURSION = YES;
				CLANG_WARN_INT_CONVERSION = YES;
				CLANG_WARN_NON_LITERAL_NULL_CONVERSION = YES;
				CLANG_WARN_OBJC_IMPLICIT_RETAIN_SELF = YES;
				CLANG_WARN_OBJC_LITERAL_CONVERSION = YES;
				CLANG_WARN_OBJC_ROOT_CLASS = YES_ERROR;
				CLANG_WARN_QUOTED_INCLUDE_IN_FRAMEWORK_HEADER = YES;
				CLANG_WARN_RANGE_LOOP_ANALYSIS = YES;
				CLANG_WARN_STRICT_PROTOTYPES = YES;
				CLANG_WARN_SUSPICIOUS_MOVE = YES;
				CLANG_WARN_UNGUARDED_AVAILABILITY = YES_AGGRESSIVE;
				CLANG_WARN_UNREACHABLE_CODE = YES;
				CLANG_WARN__DUPLICATE_METHOD_MATCH = YES;
				COPY_PHASE_STRIP = NO;
				DEBUG_INFORMATION_FORMAT = dwarf;
				ENABLE_STRICT_OBJC_MSGSEND = YES;
				ENABLE_TESTABILITY = YES;
				ENABLE_USER_SCRIPT_SANDBOXING = YES;
				GCC_C_LANGUAGE_STANDARD = gnu17;
				GCC_DYNAMIC_NO_PIC = NO;
				GCC_NO_COMMON_BLOCKS = YES;
				GCC_OPTIMIZATION_LEVEL = 0;
				GCC_PREPROCESSOR_DEFINITIONS = (
					"DEBUG=1",
					"$(inherited)",
				);
				GCC_WARN_64_TO_32_BIT_CONVERSION = YES;
				GCC_WARN_ABOUT_RETURN_TYPE = YES_ERROR;
				GCC_WARN_UNDECLARED_SELECTOR = YES;
				GCC_WARN_UNINITIALIZED_AUTOS = YES_AGGRESSIVE;
				GCC_WARN_UNUSED_FUNCTION = YES;
				GCC_WARN_UNUSED_VARIABLE = YES;
				LOCALIZATION_PREFERS_STRING_CATALOGS = YES;
				MTL_ENABLE_DEBUG_INFO = INCLUDE_SOURCE;
				MTL_FAST_MATH = YES;
				ONLY_ACTIVE_ARCH = YES;
				SWIFT_ACTIVE_COMPILATION_CONDITIONS = "DEBUG $(inherited)";
				SWIFT_OPTIMIZATION_LEVEL = "-Onone";
			};
			name = Debug;
		};
		5D936CDC2ABCD0BE00F616CA /* Release */ = {
			isa = XCBuildConfiguration;
			buildSettings = {
				ALWAYS_SEARCH_USER_PATHS = NO;
				ASSETCATALOG_COMPILER_GENERATE_SWIFT_ASSET_SYMBOL_EXTENSIONS = YES;
				CLANG_ANALYZER_NONNULL = YES;
				CLANG_ANALYZER_NUMBER_OBJECT_CONVERSION = YES_AGGRESSIVE;
				CLANG_CXX_LANGUAGE_STANDARD = "gnu++20";
				CLANG_ENABLE_MODULES = YES;
				CLANG_ENABLE_OBJC_ARC = YES;
				CLANG_ENABLE_OBJC_WEAK = YES;
				CLANG_WARN_BLOCK_CAPTURE_AUTORELEASING = YES;
				CLANG_WARN_BOOL_CONVERSION = YES;
				CLANG_WARN_COMMA = YES;
				CLANG_WARN_CONSTANT_CONVERSION = YES;
				CLANG_WARN_DEPRECATED_OBJC_IMPLEMENTATIONS = YES;
				CLANG_WARN_DIRECT_OBJC_ISA_USAGE = YES_ERROR;
				CLANG_WARN_DOCUMENTATION_COMMENTS = YES;
				CLANG_WARN_EMPTY_BODY = YES;
				CLANG_WARN_ENUM_CONVERSION = YES;
				CLANG_WARN_INFINITE_RECURSION = YES;
				CLANG_WARN_INT_CONVERSION = YES;
				CLANG_WARN_NON_LITERAL_NULL_CONVERSION = YES;
				CLANG_WARN_OBJC_IMPLICIT_RETAIN_SELF = YES;
				CLANG_WARN_OBJC_LITERAL_CONVERSION = YES;
				CLANG_WARN_OBJC_ROOT_CLASS = YES_ERROR;
				CLANG_WARN_QUOTED_INCLUDE_IN_FRAMEWORK_HEADER = YES;
				CLANG_WARN_RANGE_LOOP_ANALYSIS = YES;
				CLANG_WARN_STRICT_PROTOTYPES = YES;
				CLANG_WARN_SUSPICIOUS_MOVE = YES;
				CLANG_WARN_UNGUARDED_AVAILABILITY = YES_AGGRESSIVE;
				CLANG_WARN_UNREACHABLE_CODE = YES;
				CLANG_WARN__DUPLICATE_METHOD_MATCH = YES;
				COPY_PHASE_STRIP = NO;
				DEBUG_INFORMATION_FORMAT = "dwarf-with-dsym";
				ENABLE_NS_ASSERTIONS = NO;
				ENABLE_STRICT_OBJC_MSGSEND = YES;
				ENABLE_USER_SCRIPT_SANDBOXING = YES;
				GCC_C_LANGUAGE_STANDARD = gnu17;
				GCC_NO_COMMON_BLOCKS = YES;
				GCC_WARN_64_TO_32_BIT_CONVERSION = YES;
				GCC_WARN_ABOUT_RETURN_TYPE = YES_ERROR;
				GCC_WARN_UNDECLARED_SELECTOR = YES;
				GCC_WARN_UNINITIALIZED_AUTOS = YES_AGGRESSIVE;
				GCC_WARN_UNUSED_FUNCTION = YES;
				GCC_WARN_UNUSED_VARIABLE = YES;
				LOCALIZATION_PREFERS_STRING_CATALOGS = YES;
				MTL_ENABLE_DEBUG_INFO = NO;
				MTL_FAST_MATH = YES;
				SWIFT_COMPILATION_MODE = wholemodule;
			};
			name = Release;
		};
		5D936CDE2ABCD0BE00F616CA /* Debug */ = {
			isa = XCBuildConfiguration;
			buildSettings = {
				ASSETCATALOG_COMPILER_APPICON_NAME = AppIcon;
				ASSETCATALOG_COMPILER_GLOBAL_ACCENT_COLOR_NAME = AccentColor;
				CODE_SIGN_ENTITLEMENTS = Xkcd/Xkcd.entitlements;
				CODE_SIGN_STYLE = Automatic;
				CURRENT_PROJECT_VERSION = 1;
				DEVELOPMENT_ASSET_PATHS = "\"Xkcd/Preview Content\"";
				DEVELOPMENT_TEAM = QX68M6KDVU;
				ENABLE_HARDENED_RUNTIME = YES;
				ENABLE_PREVIEWS = YES;
				GENERATE_INFOPLIST_FILE = YES;
				"INFOPLIST_KEY_UIApplicationSceneManifest_Generation[sdk=iphoneos*]" = YES;
				"INFOPLIST_KEY_UIApplicationSceneManifest_Generation[sdk=iphonesimulator*]" = YES;
				"INFOPLIST_KEY_UIApplicationSupportsIndirectInputEvents[sdk=iphoneos*]" = YES;
				"INFOPLIST_KEY_UIApplicationSupportsIndirectInputEvents[sdk=iphonesimulator*]" = YES;
				"INFOPLIST_KEY_UILaunchScreen_Generation[sdk=iphoneos*]" = YES;
				"INFOPLIST_KEY_UILaunchScreen_Generation[sdk=iphonesimulator*]" = YES;
				"INFOPLIST_KEY_UIStatusBarStyle[sdk=iphoneos*]" = UIStatusBarStyleDefault;
				"INFOPLIST_KEY_UIStatusBarStyle[sdk=iphonesimulator*]" = UIStatusBarStyleDefault;
				INFOPLIST_KEY_UISupportedInterfaceOrientations_iPad = "UIInterfaceOrientationPortrait UIInterfaceOrientationPortraitUpsideDown UIInterfaceOrientationLandscapeLeft UIInterfaceOrientationLandscapeRight";
				INFOPLIST_KEY_UISupportedInterfaceOrientations_iPhone = "UIInterfaceOrientationPortrait UIInterfaceOrientationLandscapeLeft UIInterfaceOrientationLandscapeRight";
				IPHONEOS_DEPLOYMENT_TARGET = 17.0;
				LD_RUNPATH_SEARCH_PATHS = "@executable_path/Frameworks";
				"LD_RUNPATH_SEARCH_PATHS[sdk=macosx*]" = "@executable_path/../Frameworks";
				MACOSX_DEPLOYMENT_TARGET = 13.5;
				MARKETING_VERSION = 1.0;
				PRODUCT_BUNDLE_IDENTIFIER = rrm.Xkcd;
				PRODUCT_NAME = "$(TARGET_NAME)";
				SDKROOT = auto;
				SUPPORTED_PLATFORMS = "iphoneos iphonesimulator macosx";
				SWIFT_EMIT_LOC_STRINGS = YES;
				SWIFT_VERSION = 5.0;
				TARGETED_DEVICE_FAMILY = "1,2";
			};
			name = Debug;
		};
		5D936CDF2ABCD0BE00F616CA /* Release */ = {
			isa = XCBuildConfiguration;
			buildSettings = {
				ASSETCATALOG_COMPILER_APPICON_NAME = AppIcon;
				ASSETCATALOG_COMPILER_GLOBAL_ACCENT_COLOR_NAME = AccentColor;
				CODE_SIGN_ENTITLEMENTS = Xkcd/Xkcd.entitlements;
				CODE_SIGN_STYLE = Automatic;
				CURRENT_PROJECT_VERSION = 1;
				DEVELOPMENT_ASSET_PATHS = "\"Xkcd/Preview Content\"";
				DEVELOPMENT_TEAM = QX68M6KDVU;
				ENABLE_HARDENED_RUNTIME = YES;
				ENABLE_PREVIEWS = YES;
				GENERATE_INFOPLIST_FILE = YES;
				"INFOPLIST_KEY_UIApplicationSceneManifest_Generation[sdk=iphoneos*]" = YES;
				"INFOPLIST_KEY_UIApplicationSceneManifest_Generation[sdk=iphonesimulator*]" = YES;
				"INFOPLIST_KEY_UIApplicationSupportsIndirectInputEvents[sdk=iphoneos*]" = YES;
				"INFOPLIST_KEY_UIApplicationSupportsIndirectInputEvents[sdk=iphonesimulator*]" = YES;
				"INFOPLIST_KEY_UILaunchScreen_Generation[sdk=iphoneos*]" = YES;
				"INFOPLIST_KEY_UILaunchScreen_Generation[sdk=iphonesimulator*]" = YES;
				"INFOPLIST_KEY_UIStatusBarStyle[sdk=iphoneos*]" = UIStatusBarStyleDefault;
				"INFOPLIST_KEY_UIStatusBarStyle[sdk=iphonesimulator*]" = UIStatusBarStyleDefault;
				INFOPLIST_KEY_UISupportedInterfaceOrientations_iPad = "UIInterfaceOrientationPortrait UIInterfaceOrientationPortraitUpsideDown UIInterfaceOrientationLandscapeLeft UIInterfaceOrientationLandscapeRight";
				INFOPLIST_KEY_UISupportedInterfaceOrientations_iPhone = "UIInterfaceOrientationPortrait UIInterfaceOrientationLandscapeLeft UIInterfaceOrientationLandscapeRight";
				IPHONEOS_DEPLOYMENT_TARGET = 17.0;
				LD_RUNPATH_SEARCH_PATHS = "@executable_path/Frameworks";
				"LD_RUNPATH_SEARCH_PATHS[sdk=macosx*]" = "@executable_path/../Frameworks";
				MACOSX_DEPLOYMENT_TARGET = 13.5;
				MARKETING_VERSION = 1.0;
				PRODUCT_BUNDLE_IDENTIFIER = rrm.Xkcd;
				PRODUCT_NAME = "$(TARGET_NAME)";
				SDKROOT = auto;
				SUPPORTED_PLATFORMS = "iphoneos iphonesimulator macosx";
				SWIFT_EMIT_LOC_STRINGS = YES;
				SWIFT_VERSION = 5.0;
				TARGETED_DEVICE_FAMILY = "1,2";
			};
			name = Release;
		};
		5D936CE12ABCD0BE00F616CA /* Debug */ = {
			isa = XCBuildConfiguration;
			buildSettings = {
				ALWAYS_EMBED_SWIFT_STANDARD_LIBRARIES = YES;
				BUNDLE_LOADER = "$(TEST_HOST)";
				CODE_SIGN_STYLE = Automatic;
				CURRENT_PROJECT_VERSION = 1;
				DEVELOPMENT_TEAM = QX68M6KDVU;
				GENERATE_INFOPLIST_FILE = YES;
				IPHONEOS_DEPLOYMENT_TARGET = 17.0;
				MACOSX_DEPLOYMENT_TARGET = 13.5;
				MARKETING_VERSION = 1.0;
				PRODUCT_BUNDLE_IDENTIFIER = rrm.XkcdTests;
				PRODUCT_NAME = "$(TARGET_NAME)";
				SDKROOT = auto;
				SUPPORTED_PLATFORMS = "iphoneos iphonesimulator macosx";
				SWIFT_EMIT_LOC_STRINGS = NO;
				SWIFT_VERSION = 5.0;
				TARGETED_DEVICE_FAMILY = "1,2";
				TEST_HOST = "$(BUILT_PRODUCTS_DIR)/Xkcd.app/$(BUNDLE_EXECUTABLE_FOLDER_PATH)/Xkcd";
			};
			name = Debug;
		};
		5D936CE22ABCD0BE00F616CA /* Release */ = {
			isa = XCBuildConfiguration;
			buildSettings = {
				ALWAYS_EMBED_SWIFT_STANDARD_LIBRARIES = YES;
				BUNDLE_LOADER = "$(TEST_HOST)";
				CODE_SIGN_STYLE = Automatic;
				CURRENT_PROJECT_VERSION = 1;
				DEVELOPMENT_TEAM = QX68M6KDVU;
				GENERATE_INFOPLIST_FILE = YES;
				IPHONEOS_DEPLOYMENT_TARGET = 17.0;
				MACOSX_DEPLOYMENT_TARGET = 13.5;
				MARKETING_VERSION = 1.0;
				PRODUCT_BUNDLE_IDENTIFIER = rrm.XkcdTests;
				PRODUCT_NAME = "$(TARGET_NAME)";
				SDKROOT = auto;
				SUPPORTED_PLATFORMS = "iphoneos iphonesimulator macosx";
				SWIFT_EMIT_LOC_STRINGS = NO;
				SWIFT_VERSION = 5.0;
				TARGETED_DEVICE_FAMILY = "1,2";
				TEST_HOST = "$(BUILT_PRODUCTS_DIR)/Xkcd.app/$(BUNDLE_EXECUTABLE_FOLDER_PATH)/Xkcd";
			};
			name = Release;
		};
		5D936CE42ABCD0BE00F616CA /* Debug */ = {
			isa = XCBuildConfiguration;
			buildSettings = {
				ALWAYS_EMBED_SWIFT_STANDARD_LIBRARIES = YES;
				CODE_SIGN_STYLE = Automatic;
				CURRENT_PROJECT_VERSION = 1;
				DEVELOPMENT_TEAM = QX68M6KDVU;
				GENERATE_INFOPLIST_FILE = YES;
				IPHONEOS_DEPLOYMENT_TARGET = 17.0;
				MACOSX_DEPLOYMENT_TARGET = 13.5;
				MARKETING_VERSION = 1.0;
				PRODUCT_BUNDLE_IDENTIFIER = rrm.XkcdUITests;
				PRODUCT_NAME = "$(TARGET_NAME)";
				SDKROOT = auto;
				SUPPORTED_PLATFORMS = "iphoneos iphonesimulator macosx";
				SWIFT_EMIT_LOC_STRINGS = NO;
				SWIFT_VERSION = 5.0;
				TARGETED_DEVICE_FAMILY = "1,2";
				TEST_TARGET_NAME = Xkcd;
			};
			name = Debug;
		};
		5D936CE52ABCD0BE00F616CA /* Release */ = {
			isa = XCBuildConfiguration;
			buildSettings = {
				ALWAYS_EMBED_SWIFT_STANDARD_LIBRARIES = YES;
				CODE_SIGN_STYLE = Automatic;
				CURRENT_PROJECT_VERSION = 1;
				DEVELOPMENT_TEAM = QX68M6KDVU;
				GENERATE_INFOPLIST_FILE = YES;
				IPHONEOS_DEPLOYMENT_TARGET = 17.0;
				MACOSX_DEPLOYMENT_TARGET = 13.5;
				MARKETING_VERSION = 1.0;
				PRODUCT_BUNDLE_IDENTIFIER = rrm.XkcdUITests;
				PRODUCT_NAME = "$(TARGET_NAME)";
				SDKROOT = auto;
				SUPPORTED_PLATFORMS = "iphoneos iphonesimulator macosx";
				SWIFT_EMIT_LOC_STRINGS = NO;
				SWIFT_VERSION = 5.0;
				TARGETED_DEVICE_FAMILY = "1,2";
				TEST_TARGET_NAME = Xkcd;
			};
			name = Release;
		};
/* End XCBuildConfiguration section */

/* Begin XCConfigurationList section */
		5D936CB32ABCD0BC00F616CA /* Build configuration list for PBXProject "Xkcd" */ = {
			isa = XCConfigurationList;
			buildConfigurations = (
				5D936CDB2ABCD0BE00F616CA /* Debug */,
				5D936CDC2ABCD0BE00F616CA /* Release */,
			);
			defaultConfigurationIsVisible = 0;
			defaultConfigurationName = Release;
		};
		5D936CDD2ABCD0BE00F616CA /* Build configuration list for PBXNativeTarget "Xkcd" */ = {
			isa = XCConfigurationList;
			buildConfigurations = (
				5D936CDE2ABCD0BE00F616CA /* Debug */,
				5D936CDF2ABCD0BE00F616CA /* Release */,
			);
			defaultConfigurationIsVisible = 0;
			defaultConfigurationName = Release;
		};
		5D936CE02ABCD0BE00F616CA /* Build configuration list for PBXNativeTarget "XkcdTests" */ = {
			isa = XCConfigurationList;
			buildConfigurations = (
				5D936CE12ABCD0BE00F616CA /* Debug */,
				5D936CE22ABCD0BE00F616CA /* Release */,
			);
			defaultConfigurationIsVisible = 0;
			defaultConfigurationName = Release;
		};
		5D936CE32ABCD0BE00F616CA /* Build configuration list for PBXNativeTarget "XkcdUITests" */ = {
			isa = XCConfigurationList;
			buildConfigurations = (
				5D936CE42ABCD0BE00F616CA /* Debug */,
				5D936CE52ABCD0BE00F616CA /* Release */,
			);
			defaultConfigurationIsVisible = 0;
			defaultConfigurationName = Release;
		};
/* End XCConfigurationList section */
	};
	rootObject = 5D936CB02ABCD0BC00F616CA /* Project object */;
}
